%{"bunt": {:hex, :bunt, "0.1.6", "5d95a6882f73f3b9969fdfd1953798046664e6f77ec4e486e6fafc7caad97c6f", [:mix], []},
  "credo": {:hex, :credo, "0.4.12", "f5e1973405ea25c6e64959fb0b6bf92950147a0278cc2a002a491b45f78f7b87", [:mix], [{:bunt, "~> 0.1.6", [hex: :bunt, optional: false]}]},
  "elixir_talk": {:hex, :elixir_talk, "1.1.1", "fc44976aaea9561dd936b927d15838cb9fda456ad3c84cea2682e73bb24949ac", [:mix], [{:yaml_elixir, "~> 1.0.0", [hex: :yaml_elixir, optional: false]}]},
  "yamerl": {:hex, :yamerl, "0.3.2", "9eac1537d251e926f47763ab1db0d9e6e8f2397646c290d58aa6ceebc6832fb7", [:rebar3], []},
  "yaml_elixir": {:hex, :yaml_elixir, "1.0.0", "a0b703148aa8926a08fc14619c83e9cdf7555ff7e8bb9e74c08aa716eaf8c609", [:mix], []}}
